
Microsoft Visual Studio Solution File, Format Version 12.00
Project("{FAE04EC0-301F-11D3-BF4B-00C04F79EFBC}") = "BetterCommerce.AdminUI", "BetterCommerce.AdminUI\BetterCommerce.AdminUI.csproj", "{89B26D40-A209-4F3E-850F-B9C5DD2C0F90}"
EndProject
Project("{FAE04EC0-301F-11D3-BF4B-00C04F79EFBC}") = "BetterCommerce.DataAccess", "BetterCommerce.DataAccess\BetterCommerce.DataAccess.csproj", "{3C34B24C-D0A2-480B-B862-3FC58DBBC7C7}"
EndProject
Project("{FAE04EC0-301F-11D3-BF4B-00C04F79EFBC}") = "BetterCommerce.WebUI", "BetterCommerce.WebUI\BetterCommerce.WebUI.csproj", "{3C7006E5-2527-4B9E-A7CC-5B3C91734405}"
EndProject
Project("{FAE04EC0-301F-11D3-BF4B-00C04F79EFBC}") = "BetterCommerce.Core", "BetterCommerce.Core\BetterCommerce.Core.csproj", "{887969F1-A925-4EF1-BA5F-D74EBC2FFE3E}"
EndProject
Project("{FAE04EC0-301F-11D3-BF4B-00C04F79EFBC}") = "BetterCommerce.Entity", "BetterCommerce.Entity\BetterCommerce.Entity.csproj", "{61131782-C20A-4ECA-A05B-160E782370A5}"
EndProject
Project("{FAE04EC0-301F-11D3-BF4B-00C04F79EFBC}") = "BetterCommerce.Business", "BetterCommerce.Business\BetterCommerce.Business.csproj", "{05F3CA50-EE40-496D-AA00-0D4419F486F7}"
EndProject
Project("{FAE04EC0-301F-11D3-BF4B-00C04F79EFBC}") = "BetterCommerce.CustomerServiceUI", "BetterCommerce.CustomerServiceUI\BetterCommerce.CustomerServiceUI.csproj", "{55FB5098-2536-4BA4-8FFB-48BFB37C2634}"
EndProject
Global
	GlobalSection(SolutionConfigurationPlatforms) = preSolution
		Debug|Any CPU = Debug|Any CPU
		Release|Any CPU = Release|Any CPU
	EndGlobalSection
	GlobalSection(ProjectConfigurationPlatforms) = postSolution
		{89B26D40-A209-4F3E-850F-B9C5DD2C0F90}.Debug|Any CPU.ActiveCfg = Debug|Any CPU
		{89B26D40-A209-4F3E-850F-B9C5DD2C0F90}.Debug|Any CPU.Build.0 = Debug|Any CPU
		{89B26D40-A209-4F3E-850F-B9C5DD2C0F90}.Release|Any CPU.ActiveCfg = Release|Any CPU
		{89B26D40-A209-4F3E-850F-B9C5DD2C0F90}.Release|Any CPU.Build.0 = Release|Any CPU
		{3C34B24C-D0A2-480B-B862-3FC58DBBC7C7}.Debug|Any CPU.ActiveCfg = Debug|Any CPU
		{3C34B24C-D0A2-480B-B862-3FC58DBBC7C7}.Debug|Any CPU.Build.0 = Debug|Any CPU
		{3C34B24C-D0A2-480B-B862-3FC58DBBC7C7}.Release|Any CPU.ActiveCfg = Release|Any CPU
		{3C34B24C-D0A2-480B-B862-3FC58DBBC7C7}.Release|Any CPU.Build.0 = Release|Any CPU
		{3C7006E5-2527-4B9E-A7CC-5B3C91734405}.Debug|Any CPU.ActiveCfg = Debug|Any CPU
		{3C7006E5-2527-4B9E-A7CC-5B3C91734405}.Debug|Any CPU.Build.0 = Debug|Any CPU
		{3C7006E5-2527-4B9E-A7CC-5B3C91734405}.Release|Any CPU.ActiveCfg = Release|Any CPU
		{3C7006E5-2527-4B9E-A7CC-5B3C91734405}.Release|Any CPU.Build.0 = Release|Any CPU
		{887969F1-A925-4EF1-BA5F-D74EBC2FFE3E}.Debug|Any CPU.ActiveCfg = Debug|Any CPU
		{887969F1-A925-4EF1-BA5F-D74EBC2FFE3E}.Debug|Any CPU.Build.0 = Debug|Any CPU
		{887969F1-A925-4EF1-BA5F-D74EBC2FFE3E}.Release|Any CPU.ActiveCfg = Release|Any CPU
		{887969F1-A925-4EF1-BA5F-D74EBC2FFE3E}.Release|Any CPU.Build.0 = Release|Any CPU
		{61131782-C20A-4ECA-A05B-160E782370A5}.Debug|Any CPU.ActiveCfg = Debug|Any CPU
		{61131782-C20A-4ECA-A05B-160E782370A5}.Debug|Any CPU.Build.0 = Debug|Any CPU
		{61131782-C20A-4ECA-A05B-160E782370A5}.Release|Any CPU.ActiveCfg = Release|Any CPU
		{61131782-C20A-4ECA-A05B-160E782370A5}.Release|Any CPU.Build.0 = Release|Any CPU
		{05F3CA50-EE40-496D-AA00-0D4419F486F7}.Debug|Any CPU.ActiveCfg = Debug|Any CPU
		{05F3CA50-EE40-496D-AA00-0D4419F486F7}.Debug|Any CPU.Build.0 = Debug|Any CPU
		{05F3CA50-EE40-496D-AA00-0D4419F486F7}.Release|Any CPU.ActiveCfg = Release|Any CPU
		{05F3CA50-EE40-496D-AA00-0D4419F486F7}.Release|Any CPU.Build.0 = Release|Any CPU
		{55FB5098-2536-4BA4-8FFB-48BFB37C2634}.Debug|Any CPU.ActiveCfg = Debug|Any CPU
		{55FB5098-2536-4BA4-8FFB-48BFB37C2634}.Debug|Any CPU.Build.0 = Debug|Any CPU
		{55FB5098-2536-4BA4-8FFB-48BFB37C2634}.Release|Any CPU.ActiveCfg = Release|Any CPU
		{55FB5098-2536-4BA4-8FFB-48BFB37C2634}.Release|Any CPU.Build.0 = Release|Any CPU
	EndGlobalSection
EndGlobal
